
Microsoft Visual Studio Solution File, Format Version 12.00
# Visual Studio 15
VisualStudioVersion = 15.0.28307.902
MinimumVisualStudioVersion = 10.0.40219.1
Project("{9A19103F-16F7-4668-BE54-9A1E7A4F7556}") = "Exercises", "UnitTestSection4\Exercises.csproj", "{2409B702-BAF3-42D8-86B5-45591874A005}"
EndProject
Project("{9A19103F-16F7-4668-BE54-9A1E7A4F7556}") = "LeapYearCalculation", "LeapYearCalculation\LeapYearCalculation.csproj", "{65071EF0-72A6-414C-A024-BCC263B8CA70}"
EndProject
Project("{9A19103F-16F7-4668-BE54-9A1E7A4F7556}") = "Employee", "Employee\Employee.csproj", "{82E61431-3C7F-4CBF-A03D-4722195E74E1}"
EndProject
Project("{9A19103F-16F7-4668-BE54-9A1E7A4F7556}") = "Car", "Car\Car.csproj", "{0F4F6746-203A-414D-81E6-5D9CA9ED6562}"
EndProject
Project("{9A19103F-16F7-4668-BE54-9A1E7A4F7556}") = "Trip", "Trip\Trip.csproj", "{352B5A36-2643-491E-8829-6C18672ADFD1}"
EndProject
Project("{9A19103F-16F7-4668-BE54-9A1E7A4F7556}") = "Receipt", "Receipt\Receipt.csproj", "{7BE5F40A-0807-47DD-858D-D453C8C69CE3}"
EndProject
Project("{9A19103F-16F7-4668-BE54-9A1E7A4F7556}") = "ResaleValue", "ResaleValue\ResaleValue.csproj", "{3BCDCA6D-8C71-4CAB-9CD5-3399C37B8DD4}"
EndProject
Project("{9A19103F-16F7-4668-BE54-9A1E7A4F7556}") = "MathFunctions", "MathFunctions\MathFunctions.csproj", "{4BD53819-73A1-4861-BA6B-0E4FF45EE1DE}"
EndProject
Project("{9A19103F-16F7-4668-BE54-9A1E7A4F7556}") = "PropertyTaxCalculator", "PropertyTaxCalculator\PropertyTaxCalculator.csproj", "{7F36A953-75B7-4E25-83A4-03E1E8BFAF3F}"
EndProject
Project("{9A19103F-16F7-4668-BE54-9A1E7A4F7556}") = "InputValuesRangeArray", "InputValuesRangeArray\InputValuesRangeArray.csproj", "{83518DF5-2F9C-4D5C-A0B7-4E8ADFF1CFD8}"
EndProject
Project("{FAE04EC0-301F-11D3-BF4B-00C04F79EFBC}") = "ListCleaner", "ListCleaner\ListCleaner.csproj", "{BC39E258-924A-4FDD-B2FE-01E66C14437C}"
EndProject
Project("{FAE04EC0-301F-11D3-BF4B-00C04F79EFBC}") = "PolymorthismTest", "PolymorthismTest\PolymorthismTest.csproj", "{ED00DF39-00A8-46F3-BB2D-4B72D9D8BBED}"
EndProject
Project("{FAE04EC0-301F-11D3-BF4B-00C04F79EFBC}") = "Ticket_Reservation_System", "Ticket_Reservation_System\Ticket_Reservation_System.csproj", "{878F7BDE-FA38-474D-8F65-0CCCAC0A7AC0}"
EndProject
Project("{FAE04EC0-301F-11D3-BF4B-00C04F79EFBC}") = "Loan_Program", "Loan_Program\Loan_Program.csproj", "{F5289FCA-7CAD-4762-B8FD-F7FAE42CD07F}"
EndProject
Global
	GlobalSection(SolutionConfigurationPlatforms) = preSolution
		Debug|Any CPU = Debug|Any CPU
		Release|Any CPU = Release|Any CPU
	EndGlobalSection
	GlobalSection(ProjectConfigurationPlatforms) = postSolution
		{2409B702-BAF3-42D8-86B5-45591874A005}.Debug|Any CPU.ActiveCfg = Debug|Any CPU
		{2409B702-BAF3-42D8-86B5-45591874A005}.Debug|Any CPU.Build.0 = Debug|Any CPU
		{2409B702-BAF3-42D8-86B5-45591874A005}.Release|Any CPU.ActiveCfg = Release|Any CPU
		{2409B702-BAF3-42D8-86B5-45591874A005}.Release|Any CPU.Build.0 = Release|Any CPU
		{65071EF0-72A6-414C-A024-BCC263B8CA70}.Debug|Any CPU.ActiveCfg = Debug|Any CPU
		{65071EF0-72A6-414C-A024-BCC263B8CA70}.Debug|Any CPU.Build.0 = Debug|Any CPU
		{65071EF0-72A6-414C-A024-BCC263B8CA70}.Release|Any CPU.ActiveCfg = Release|Any CPU
		{65071EF0-72A6-414C-A024-BCC263B8CA70}.Release|Any CPU.Build.0 = Release|Any CPU
		{82E61431-3C7F-4CBF-A03D-4722195E74E1}.Debug|Any CPU.ActiveCfg = Debug|Any CPU
		{82E61431-3C7F-4CBF-A03D-4722195E74E1}.Debug|Any CPU.Build.0 = Debug|Any CPU
		{82E61431-3C7F-4CBF-A03D-4722195E74E1}.Release|Any CPU.ActiveCfg = Release|Any CPU
		{82E61431-3C7F-4CBF-A03D-4722195E74E1}.Release|Any CPU.Build.0 = Release|Any CPU
		{0F4F6746-203A-414D-81E6-5D9CA9ED6562}.Debug|Any CPU.ActiveCfg = Debug|Any CPU
		{0F4F6746-203A-414D-81E6-5D9CA9ED6562}.Debug|Any CPU.Build.0 = Debug|Any CPU
		{0F4F6746-203A-414D-81E6-5D9CA9ED6562}.Release|Any CPU.ActiveCfg = Release|Any CPU
		{0F4F6746-203A-414D-81E6-5D9CA9ED6562}.Release|Any CPU.Build.0 = Release|Any CPU
		{352B5A36-2643-491E-8829-6C18672ADFD1}.Debug|Any CPU.ActiveCfg = Debug|Any CPU
		{352B5A36-2643-491E-8829-6C18672ADFD1}.Debug|Any CPU.Build.0 = Debug|Any CPU
		{352B5A36-2643-491E-8829-6C18672ADFD1}.Release|Any CPU.ActiveCfg = Release|Any CPU
		{352B5A36-2643-491E-8829-6C18672ADFD1}.Release|Any CPU.Build.0 = Release|Any CPU
		{7BE5F40A-0807-47DD-858D-D453C8C69CE3}.Debug|Any CPU.ActiveCfg = Debug|Any CPU
		{7BE5F40A-0807-47DD-858D-D453C8C69CE3}.Debug|Any CPU.Build.0 = Debug|Any CPU
		{7BE5F40A-0807-47DD-858D-D453C8C69CE3}.Release|Any CPU.ActiveCfg = Release|Any CPU
		{7BE5F40A-0807-47DD-858D-D453C8C69CE3}.Release|Any CPU.Build.0 = Release|Any CPU
		{3BCDCA6D-8C71-4CAB-9CD5-3399C37B8DD4}.Debug|Any CPU.ActiveCfg = Debug|Any CPU
		{3BCDCA6D-8C71-4CAB-9CD5-3399C37B8DD4}.Debug|Any CPU.Build.0 = Debug|Any CPU
		{3BCDCA6D-8C71-4CAB-9CD5-3399C37B8DD4}.Release|Any CPU.ActiveCfg = Release|Any CPU
		{3BCDCA6D-8C71-4CAB-9CD5-3399C37B8DD4}.Release|Any CPU.Build.0 = Release|Any CPU
		{4BD53819-73A1-4861-BA6B-0E4FF45EE1DE}.Debug|Any CPU.ActiveCfg = Debug|Any CPU
		{4BD53819-73A1-4861-BA6B-0E4FF45EE1DE}.Debug|Any CPU.Build.0 = Debug|Any CPU
		{4BD53819-73A1-4861-BA6B-0E4FF45EE1DE}.Release|Any CPU.ActiveCfg = Release|Any CPU
		{4BD53819-73A1-4861-BA6B-0E4FF45EE1DE}.Release|Any CPU.Build.0 = Release|Any CPU
		{7F36A953-75B7-4E25-83A4-03E1E8BFAF3F}.Debug|Any CPU.ActiveCfg = Debug|Any CPU
		{7F36A953-75B7-4E25-83A4-03E1E8BFAF3F}.Debug|Any CPU.Build.0 = Debug|Any CPU
		{7F36A953-75B7-4E25-83A4-03E1E8BFAF3F}.Release|Any CPU.ActiveCfg = Release|Any CPU
		{7F36A953-75B7-4E25-83A4-03E1E8BFAF3F}.Release|Any CPU.Build.0 = Release|Any CPU
		{83518DF5-2F9C-4D5C-A0B7-4E8ADFF1CFD8}.Debug|Any CPU.ActiveCfg = Debug|Any CPU
		{83518DF5-2F9C-4D5C-A0B7-4E8ADFF1CFD8}.Debug|Any CPU.Build.0 = Debug|Any CPU
		{83518DF5-2F9C-4D5C-A0B7-4E8ADFF1CFD8}.Release|Any CPU.ActiveCfg = Release|Any CPU
		{83518DF5-2F9C-4D5C-A0B7-4E8ADFF1CFD8}.Release|Any CPU.Build.0 = Release|Any CPU
		{BC39E258-924A-4FDD-B2FE-01E66C14437C}.Debug|Any CPU.ActiveCfg = Debug|Any CPU
		{BC39E258-924A-4FDD-B2FE-01E66C14437C}.Debug|Any CPU.Build.0 = Debug|Any CPU
		{BC39E258-924A-4FDD-B2FE-01E66C14437C}.Release|Any CPU.ActiveCfg = Release|Any CPU
		{BC39E258-924A-4FDD-B2FE-01E66C14437C}.Release|Any CPU.Build.0 = Release|Any CPU
		{ED00DF39-00A8-46F3-BB2D-4B72D9D8BBED}.Debug|Any CPU.ActiveCfg = Debug|Any CPU
		{ED00DF39-00A8-46F3-BB2D-4B72D9D8BBED}.Debug|Any CPU.Build.0 = Debug|Any CPU
		{ED00DF39-00A8-46F3-BB2D-4B72D9D8BBED}.Release|Any CPU.ActiveCfg = Release|Any CPU
		{ED00DF39-00A8-46F3-BB2D-4B72D9D8BBED}.Release|Any CPU.Build.0 = Release|Any CPU
		{878F7BDE-FA38-474D-8F65-0CCCAC0A7AC0}.Debug|Any CPU.ActiveCfg = Debug|Any CPU
		{878F7BDE-FA38-474D-8F65-0CCCAC0A7AC0}.Debug|Any CPU.Build.0 = Debug|Any CPU
		{878F7BDE-FA38-474D-8F65-0CCCAC0A7AC0}.Release|Any CPU.ActiveCfg = Release|Any CPU
		{878F7BDE-FA38-474D-8F65-0CCCAC0A7AC0}.Release|Any CPU.Build.0 = Release|Any CPU
		{F5289FCA-7CAD-4762-B8FD-F7FAE42CD07F}.Debug|Any CPU.ActiveCfg = Debug|Any CPU
		{F5289FCA-7CAD-4762-B8FD-F7FAE42CD07F}.Debug|Any CPU.Build.0 = Debug|Any CPU
		{F5289FCA-7CAD-4762-B8FD-F7FAE42CD07F}.Release|Any CPU.ActiveCfg = Release|Any CPU
		{F5289FCA-7CAD-4762-B8FD-F7FAE42CD07F}.Release|Any CPU.Build.0 = Release|Any CPU
	EndGlobalSection
	GlobalSection(SolutionProperties) = preSolution
		HideSolutionNode = FALSE
	EndGlobalSection
	GlobalSection(ExtensibilityGlobals) = postSolution
		SolutionGuid = {99FEE005-8FBA-4BAA-8551-0281B1416CA3}
	EndGlobalSection
EndGlobal
